
Microsoft Visual Studio Solution File, Format Version 12.00
# Visual Studio Version 17
VisualStudioVersion = 17.8.34525.116
MinimumVisualStudioVersion = 10.0.40219.1
Project("{9A19103F-16F7-4668-BE54-9A1E7A4F7556}") = "Learning_DesignPattern", "Learning_DesignPattern\Learning_DesignPattern.csproj", "{560D9329-42D5-4A1D-91BB-3CF37A1DB9CA}"
EndProject
Project("{9A19103F-16F7-4668-BE54-9A1E7A4F7556}") = "SimpleFactory", "SimpleFactory\SimpleFactory.csproj", "{8387B9D4-D2D0-4D3D-A2EC-92506B096403}"
EndProject
Project("{9A19103F-16F7-4668-BE54-9A1E7A4F7556}") = "FacadePattern", "FacadePattern\FacadePattern.csproj", "{C11C4EE8-8715-42FD-8E07-6645640DA0C2}"
EndProject
Project("{9A19103F-16F7-4668-BE54-9A1E7A4F7556}") = "AdapterPattern", "AdapterPattern\AdapterPattern.csproj", "{643647B2-FAC5-42F7-9B45-978DD1C0A678}"
EndProject
Project("{FAE04EC0-301F-11D3-BF4B-00C04F79EFBC}") = "SingletonPattern", "SingletonPattern\SingletonPattern.csproj", "{78EBA239-6894-4ABE-825F-5430341D6705}"
EndProject
Project("{FAE04EC0-301F-11D3-BF4B-00C04F79EFBC}") = "FactoryMethodPattern", "FactoryMethodPattern\FactoryMethodPattern.csproj", "{6464F210-2D93-40B0-9D14-6C630849DF45}"
EndProject
Project("{FAE04EC0-301F-11D3-BF4B-00C04F79EFBC}") = "AbstractFactoryPattern", "AbstractFactoryPattern\AbstractFactoryPattern.csproj", "{3DB0AA52-49E3-4084-858A-773FAC8F2181}"
EndProject
Project("{FAE04EC0-301F-11D3-BF4B-00C04F79EFBC}") = "BuilderPattern", "BuilderPattern\BuilderPattern.csproj", "{8B7B231D-9335-49B7-AC96-9FB03E97AC2B}"
EndProject
Project("{FAE04EC0-301F-11D3-BF4B-00C04F79EFBC}") = "PrototypePattern", "PrototypePattern\PrototypePattern.csproj", "{2BEA59EC-4A1D-49BD-8687-E093984A622C}"
EndProject
Project("{FAE04EC0-301F-11D3-BF4B-00C04F79EFBC}") = "MediatorPattern", "MediatorPattern\MediatorPattern.csproj", "{B0E25894-07A6-4437-8A31-5B7AD90D5096}"
EndProject
Project("{FAE04EC0-301F-11D3-BF4B-00C04F79EFBC}") = "ProxyPattern", "ProxyPattern\ProxyPattern.csproj", "{BB9333CA-3A8E-41A2-B86C-8242251DBC62}"
EndProject
Global
	GlobalSection(SolutionConfigurationPlatforms) = preSolution
		Debug|Any CPU = Debug|Any CPU
		Release|Any CPU = Release|Any CPU
	EndGlobalSection
	GlobalSection(ProjectConfigurationPlatforms) = postSolution
		{560D9329-42D5-4A1D-91BB-3CF37A1DB9CA}.Debug|Any CPU.ActiveCfg = Debug|Any CPU
		{560D9329-42D5-4A1D-91BB-3CF37A1DB9CA}.Debug|Any CPU.Build.0 = Debug|Any CPU
		{560D9329-42D5-4A1D-91BB-3CF37A1DB9CA}.Release|Any CPU.ActiveCfg = Release|Any CPU
		{560D9329-42D5-4A1D-91BB-3CF37A1DB9CA}.Release|Any CPU.Build.0 = Release|Any CPU
		{8387B9D4-D2D0-4D3D-A2EC-92506B096403}.Debug|Any CPU.ActiveCfg = Debug|Any CPU
		{8387B9D4-D2D0-4D3D-A2EC-92506B096403}.Debug|Any CPU.Build.0 = Debug|Any CPU
		{8387B9D4-D2D0-4D3D-A2EC-92506B096403}.Release|Any CPU.ActiveCfg = Release|Any CPU
		{8387B9D4-D2D0-4D3D-A2EC-92506B096403}.Release|Any CPU.Build.0 = Release|Any CPU
		{C11C4EE8-8715-42FD-8E07-6645640DA0C2}.Debug|Any CPU.ActiveCfg = Debug|Any CPU
		{C11C4EE8-8715-42FD-8E07-6645640DA0C2}.Debug|Any CPU.Build.0 = Debug|Any CPU
		{C11C4EE8-8715-42FD-8E07-6645640DA0C2}.Release|Any CPU.ActiveCfg = Release|Any CPU
		{C11C4EE8-8715-42FD-8E07-6645640DA0C2}.Release|Any CPU.Build.0 = Release|Any CPU
		{643647B2-FAC5-42F7-9B45-978DD1C0A678}.Debug|Any CPU.ActiveCfg = Debug|Any CPU
		{643647B2-FAC5-42F7-9B45-978DD1C0A678}.Debug|Any CPU.Build.0 = Debug|Any CPU
		{643647B2-FAC5-42F7-9B45-978DD1C0A678}.Release|Any CPU.ActiveCfg = Release|Any CPU
		{643647B2-FAC5-42F7-9B45-978DD1C0A678}.Release|Any CPU.Build.0 = Release|Any CPU
		{78EBA239-6894-4ABE-825F-5430341D6705}.Debug|Any CPU.ActiveCfg = Debug|Any CPU
		{78EBA239-6894-4ABE-825F-5430341D6705}.Debug|Any CPU.Build.0 = Debug|Any CPU
		{78EBA239-6894-4ABE-825F-5430341D6705}.Release|Any CPU.ActiveCfg = Release|Any CPU
		{78EBA239-6894-4ABE-825F-5430341D6705}.Release|Any CPU.Build.0 = Release|Any CPU
		{6464F210-2D93-40B0-9D14-6C630849DF45}.Debug|Any CPU.ActiveCfg = Debug|Any CPU
		{6464F210-2D93-40B0-9D14-6C630849DF45}.Debug|Any CPU.Build.0 = Debug|Any CPU
		{6464F210-2D93-40B0-9D14-6C630849DF45}.Release|Any CPU.ActiveCfg = Release|Any CPU
		{6464F210-2D93-40B0-9D14-6C630849DF45}.Release|Any CPU.Build.0 = Release|Any CPU
		{3DB0AA52-49E3-4084-858A-773FAC8F2181}.Debug|Any CPU.ActiveCfg = Debug|Any CPU
		{3DB0AA52-49E3-4084-858A-773FAC8F2181}.Debug|Any CPU.Build.0 = Debug|Any CPU
		{3DB0AA52-49E3-4084-858A-773FAC8F2181}.Release|Any CPU.ActiveCfg = Release|Any CPU
		{3DB0AA52-49E3-4084-858A-773FAC8F2181}.Release|Any CPU.Build.0 = Release|Any CPU
		{8B7B231D-9335-49B7-AC96-9FB03E97AC2B}.Debug|Any CPU.ActiveCfg = Debug|Any CPU
		{8B7B231D-9335-49B7-AC96-9FB03E97AC2B}.Debug|Any CPU.Build.0 = Debug|Any CPU
		{8B7B231D-9335-49B7-AC96-9FB03E97AC2B}.Release|Any CPU.ActiveCfg = Release|Any CPU
		{8B7B231D-9335-49B7-AC96-9FB03E97AC2B}.Release|Any CPU.Build.0 = Release|Any CPU
		{2BEA59EC-4A1D-49BD-8687-E093984A622C}.Debug|Any CPU.ActiveCfg = Debug|Any CPU
		{2BEA59EC-4A1D-49BD-8687-E093984A622C}.Debug|Any CPU.Build.0 = Debug|Any CPU
		{2BEA59EC-4A1D-49BD-8687-E093984A622C}.Release|Any CPU.ActiveCfg = Release|Any CPU
		{2BEA59EC-4A1D-49BD-8687-E093984A622C}.Release|Any CPU.Build.0 = Release|Any CPU
		{B0E25894-07A6-4437-8A31-5B7AD90D5096}.Debug|Any CPU.ActiveCfg = Debug|Any CPU
		{B0E25894-07A6-4437-8A31-5B7AD90D5096}.Debug|Any CPU.Build.0 = Debug|Any CPU
		{B0E25894-07A6-4437-8A31-5B7AD90D5096}.Release|Any CPU.ActiveCfg = Release|Any CPU
		{B0E25894-07A6-4437-8A31-5B7AD90D5096}.Release|Any CPU.Build.0 = Release|Any CPU
		{BB9333CA-3A8E-41A2-B86C-8242251DBC62}.Debug|Any CPU.ActiveCfg = Debug|Any CPU
		{BB9333CA-3A8E-41A2-B86C-8242251DBC62}.Debug|Any CPU.Build.0 = Debug|Any CPU
		{BB9333CA-3A8E-41A2-B86C-8242251DBC62}.Release|Any CPU.ActiveCfg = Release|Any CPU
		{BB9333CA-3A8E-41A2-B86C-8242251DBC62}.Release|Any CPU.Build.0 = Release|Any CPU
	EndGlobalSection
	GlobalSection(SolutionProperties) = preSolution
		HideSolutionNode = FALSE
	EndGlobalSection
	GlobalSection(ExtensibilityGlobals) = postSolution
		SolutionGuid = {7DE4D23C-5433-4432-BD1A-4E6F57DB2EB0}
	EndGlobalSection
EndGlobal
